// !$*UTF8*$!
{
	archiveVersion = 1;
	classes = {
	};
	objectVersion = 46;
	objects = {

/* Begin PBXBuildFile section */
		39F166981D5E504500B0B617 /* AppDelegate.swift in Sources */ = {isa = PBXBuildFile; fileRef = 39F166971D5E504500B0B617 /* AppDelegate.swift */; };
		39F1669A1D5E504500B0B617 /* RecordSoundsViewController.swift in Sources */ = {isa = PBXBuildFile; fileRef = 39F166991D5E504500B0B617 /* RecordSoundsViewController.swift */; };
		39F1669D1D5E504500B0B617 /* Main.storyboard in Resources */ = {isa = PBXBuildFile; fileRef = 39F1669B1D5E504500B0B617 /* Main.storyboard */; };
		39F1669F1D5E504500B0B617 /* Assets.xcassets in Resources */ = {isa = PBXBuildFile; fileRef = 39F1669E1D5E504500B0B617 /* Assets.xcassets */; };
		39F166A21D5E504500B0B617 /* LaunchScreen.storyboard in Resources */ = {isa = PBXBuildFile; fileRef = 39F166A01D5E504500B0B617 /* LaunchScreen.storyboard */; };
		39F166AD1D5E504500B0B617 /* PitchPerfectTests.swift in Sources */ = {isa = PBXBuildFile; fileRef = 39F166AC1D5E504500B0B617 /* PitchPerfectTests.swift */; };
		39F166B81D5E504500B0B617 /* PitchPerfectUITests.swift in Sources */ = {isa = PBXBuildFile; fileRef = 39F166B71D5E504500B0B617 /* PitchPerfectUITests.swift */; };
		39F166C61D5EA7AC00B0B617 /* PlaySoundsViewController.swift in Sources */ = {isa = PBXBuildFile; fileRef = 39F166C51D5EA7AC00B0B617 /* PlaySoundsViewController.swift */; };
		39F166CA1D5FA7F400B0B617 /* PlaySoundsViewController+Audio.swift in Sources */ = {isa = PBXBuildFile; fileRef = 39F166C91D5FA7F400B0B617 /* PlaySoundsViewController+Audio.swift */; };
/* End PBXBuildFile section */

/* Begin PBXContainerItemProxy section */
		39F166A91D5E504500B0B617 /* PBXContainerItemProxy */ = {
			isa = PBXContainerItemProxy;
			containerPortal = 39F1668C1D5E504400B0B617 /* Project object */;
			proxyType = 1;
			remoteGlobalIDString = 39F166931D5E504400B0B617;
			remoteInfo = PitchPerfect;
		};
		39F166B41D5E504500B0B617 /* PBXContainerItemProxy */ = {
			isa = PBXContainerItemProxy;
			containerPortal = 39F1668C1D5E504400B0B617 /* Project object */;
			proxyType = 1;
			remoteGlobalIDString = 39F166931D5E504400B0B617;
			remoteInfo = PitchPerfect;
		};
/* End PBXContainerItemProxy section */

/* Begin PBXFileReference section */
		39F166941D5E504500B0B617 /* PitchPerfect.app */ = {isa = PBXFileReference; explicitFileType = wrapper.application; includeInIndex = 0; path = PitchPerfect.app; sourceTree = BUILT_PRODUCTS_DIR; };
		39F166971D5E504500B0B617 /* AppDelegate.swift */ = {isa = PBXFileReference; lastKnownFileType = sourcecode.swift; path = AppDelegate.swift; sourceTree = "<group>"; };
		39F166991D5E504500B0B617 /* RecordSoundsViewController.swift */ = {isa = PBXFileReference; lastKnownFileType = sourcecode.swift; path = RecordSoundsViewController.swift; sourceTree = "<group>"; };
		39F1669C1D5E504500B0B617 /* Base */ = {isa = PBXFileReference; lastKnownFileType = file.storyboard; name = Base; path = Base.lproj/Main.storyboard; sourceTree = "<group>"; };
		39F1669E1D5E504500B0B617 /* Assets.xcassets */ = {isa = PBXFileReference; lastKnownFileType = folder.assetcatalog; path = Assets.xcassets; sourceTree = "<group>"; };
		39F166A11D5E504500B0B617 /* Base */ = {isa = PBXFileReference; lastKnownFileType = file.storyboard; name = Base; path = Base.lproj/LaunchScreen.storyboard; sourceTree = "<group>"; };
		39F166A31D5E504500B0B617 /* Info.plist */ = {isa = PBXFileReference; lastKnownFileType = text.plist.xml; path = Info.plist; sourceTree = "<group>"; };
		39F166A81D5E504500B0B617 /* PitchPerfectTests.xctest */ = {isa = PBXFileReference; explicitFileType = wrapper.cfbundle; includeInIndex = 0; path = PitchPerfectTests.xctest; sourceTree = BUILT_PRODUCTS_DIR; };
		39F166AC1D5E504500B0B617 /* PitchPerfectTests.swift */ = {isa = PBXFileReference; lastKnownFileType = sourcecode.swift; path = PitchPerfectTests.swift; sourceTree = "<group>"; };
		39F166AE1D5E504500B0B617 /* Info.plist */ = {isa = PBXFileReference; lastKnownFileType = text.plist.xml; path = Info.plist; sourceTree = "<group>"; };
		39F166B31D5E504500B0B617 /* PitchPerfectUITests.xctest */ = {isa = PBXFileReference; explicitFileType = wrapper.cfbundle; includeInIndex = 0; path = PitchPerfectUITests.xctest; sourceTree = BUILT_PRODUCTS_DIR; };
		39F166B71D5E504500B0B617 /* PitchPerfectUITests.swift */ = {isa = PBXFileReference; lastKnownFileType = sourcecode.swift; path = PitchPerfectUITests.swift; sourceTree = "<group>"; };
		39F166B91D5E504500B0B617 /* Info.plist */ = {isa = PBXFileReference; lastKnownFileType = text.plist.xml; path = Info.plist; sourceTree = "<group>"; };
		39F166C51D5EA7AC00B0B617 /* PlaySoundsViewController.swift */ = {isa = PBXFileReference; fileEncoding = 4; lastKnownFileType = sourcecode.swift; path = PlaySoundsViewController.swift; sourceTree = "<group>"; };
		39F166C91D5FA7F400B0B617 /* PlaySoundsViewController+Audio.swift */ = {isa = PBXFileReference; fileEncoding = 4; lastKnownFileType = sourcecode.swift; name = "PlaySoundsViewController+Audio.swift"; path = "../PlaySoundsViewController+Audio.swift"; sourceTree = "<group>"; };
/* End PBXFileReference section */

/* Begin PBXFrameworksBuildPhase section */
		39F166911D5E504400B0B617 /* Frameworks */ = {
			isa = PBXFrameworksBuildPhase;
			buildActionMask = 2147483647;
			files = (
			);
			runOnlyForDeploymentPostprocessing = 0;
		};
		39F166A51D5E504500B0B617 /* Frameworks */ = {
			isa = PBXFrameworksBuildPhase;
			buildActionMask = 2147483647;
			files = (
			);
			runOnlyForDeploymentPostprocessing = 0;
		};
		39F166B01D5E504500B0B617 /* Frameworks */ = {
			isa = PBXFrameworksBuildPhase;
			buildActionMask = 2147483647;
			files = (
			);
			runOnlyForDeploymentPostprocessing = 0;
		};
/* End PBXFrameworksBuildPhase section */

/* Begin PBXGroup section */
		39F1668B1D5E504400B0B617 = {
			isa = PBXGroup;
			children = (
				39F166961D5E504500B0B617 /* PitchPerfect */,
				39F166AB1D5E504500B0B617 /* PitchPerfectTests */,
				39F166B61D5E504500B0B617 /* PitchPerfectUITests */,
				39F166951D5E504500B0B617 /* Products */,
			);
			sourceTree = "<group>";
		};
		39F166951D5E504500B0B617 /* Products */ = {
			isa = PBXGroup;
			children = (
				39F166941D5E504500B0B617 /* PitchPerfect.app */,
				39F166A81D5E504500B0B617 /* PitchPerfectTests.xctest */,
				39F166B31D5E504500B0B617 /* PitchPerfectUITests.xctest */,
			);
			name = Products;
			sourceTree = "<group>";
		};
		39F166961D5E504500B0B617 /* PitchPerfect */ = {
			isa = PBXGroup;
			children = (
				39F1669B1D5E504500B0B617 /* Main.storyboard */,
				39F166991D5E504500B0B617 /* RecordSoundsViewController.swift */,
				39F166C51D5EA7AC00B0B617 /* PlaySoundsViewController.swift */,
				39F166C91D5FA7F400B0B617 /* PlaySoundsViewController+Audio.swift */,
				39F166971D5E504500B0B617 /* AppDelegate.swift */,
				39F1669E1D5E504500B0B617 /* Assets.xcassets */,
				39F166A01D5E504500B0B617 /* LaunchScreen.storyboard */,
				39F166A31D5E504500B0B617 /* Info.plist */,
			);
			path = PitchPerfect;
			sourceTree = "<group>";
		};
		39F166AB1D5E504500B0B617 /* PitchPerfectTests */ = {
			isa = PBXGroup;
			children = (
				39F166AC1D5E504500B0B617 /* PitchPerfectTests.swift */,
				39F166AE1D5E504500B0B617 /* Info.plist */,
			);
			path = PitchPerfectTests;
			sourceTree = "<group>";
		};
		39F166B61D5E504500B0B617 /* PitchPerfectUITests */ = {
			isa = PBXGroup;
			children = (
				39F166B71D5E504500B0B617 /* PitchPerfectUITests.swift */,
				39F166B91D5E504500B0B617 /* Info.plist */,
			);
			path = PitchPerfectUITests;
			sourceTree = "<group>";
		};
/* End PBXGroup section */

/* Begin PBXNativeTarget section */
		39F166931D5E504400B0B617 /* PitchPerfect */ = {
			isa = PBXNativeTarget;
			buildConfigurationList = 39F166BC1D5E504500B0B617 /* Build configuration list for PBXNativeTarget "PitchPerfect" */;
			buildPhases = (
				39F166901D5E504400B0B617 /* Sources */,
				39F166911D5E504400B0B617 /* Frameworks */,
				39F166921D5E504400B0B617 /* Resources */,
			);
			buildRules = (
			);
			dependencies = (
			);
			name = PitchPerfect;
			productName = PitchPerfect;
			productReference = 39F166941D5E504500B0B617 /* PitchPerfect.app */;
			productType = "com.apple.product-type.application";
		};
		39F166A71D5E504500B0B617 /* PitchPerfectTests */ = {
			isa = PBXNativeTarget;
			buildConfigurationList = 39F166BF1D5E504500B0B617 /* Build configuration list for PBXNativeTarget "PitchPerfectTests" */;
			buildPhases = (
				39F166A41D5E504500B0B617 /* Sources */,
				39F166A51D5E504500B0B617 /* Frameworks */,
				39F166A61D5E504500B0B617 /* Resources */,
			);
			buildRules = (
			);
			dependencies = (
				39F166AA1D5E504500B0B617 /* PBXTargetDependency */,
			);
			name = PitchPerfectTests;
			productName = PitchPerfectTests;
			productReference = 39F166A81D5E504500B0B617 /* PitchPerfectTests.xctest */;
			productType = "com.apple.product-type.bundle.unit-test";
		};
		39F166B21D5E504500B0B617 /* PitchPerfectUITests */ = {
			isa = PBXNativeTarget;
			buildConfigurationList = 39F166C21D5E504500B0B617 /* Build configuration list for PBXNativeTarget "PitchPerfectUITests" */;
			buildPhases = (
				39F166AF1D5E504500B0B617 /* Sources */,
				39F166B01D5E504500B0B617 /* Frameworks */,
				39F166B11D5E504500B0B617 /* Resources */,
			);
			buildRules = (
			);
			dependencies = (
				39F166B51D5E504500B0B617 /* PBXTargetDependency */,
			);
			name = PitchPerfectUITests;
			productName = PitchPerfectUITests;
			productReference = 39F166B31D5E504500B0B617 /* PitchPerfectUITests.xctest */;
			productType = "com.apple.product-type.bundle.ui-testing";
		};
/* End PBXNativeTarget section */

/* Begin PBXProject section */
		39F1668C1D5E504400B0B617 /* Project object */ = {
			isa = PBXProject;
			attributes = {
				LastSwiftUpdateCheck = 0730;
				LastUpgradeCheck = 0730;
				ORGANIZATIONNAME = "Warren Hansen";
				TargetAttributes = {
					39F166931D5E504400B0B617 = {
						CreatedOnToolsVersion = 7.3.1;
					};
					39F166A71D5E504500B0B617 = {
						CreatedOnToolsVersion = 7.3.1;
						TestTargetID = 39F166931D5E504400B0B617;
					};
					39F166B21D5E504500B0B617 = {
						CreatedOnToolsVersion = 7.3.1;
						TestTargetID = 39F166931D5E504400B0B617;
					};
				};
			};
			buildConfigurationList = 39F1668F1D5E504400B0B617 /* Build configuration list for PBXProject "PitchPerfect" */;
			compatibilityVersion = "Xcode 3.2";
			developmentRegion = English;
			hasScannedForEncodings = 0;
			knownRegions = (
				en,
				Base,
			);
			mainGroup = 39F1668B1D5E504400B0B617;
			productRefGroup = 39F166951D5E504500B0B617 /* Products */;
			projectDirPath = "";
			projectRoot = "";
			targets = (
				39F166931D5E504400B0B617 /* PitchPerfect */,
				39F166A71D5E504500B0B617 /* PitchPerfectTests */,
				39F166B21D5E504500B0B617 /* PitchPerfectUITests */,
			);
		};
/* End PBXProject section */

/* Begin PBXResourcesBuildPhase section */
		39F166921D5E504400B0B617 /* Resources */ = {
			isa = PBXResourcesBuildPhase;
			buildActionMask = 2147483647;
			files = (
				39F166A21D5E504500B0B617 /* LaunchScreen.storyboard in Resources */,
				39F1669F1D5E504500B0B617 /* Assets.xcassets in Resources */,
				39F1669D1D5E504500B0B617 /* Main.storyboard in Resources */,
			);
			runOnlyForDeploymentPostprocessing = 0;
		};
		39F166A61D5E504500B0B617 /* Resources */ = {
			isa = PBXResourcesBuildPhase;
			buildActionMask = 2147483647;
			files = (
			);
			runOnlyForDeploymentPostprocessing = 0;
		};
		39F166B11D5E504500B0B617 /* Resources */ = {
			isa = PBXResourcesBuildPhase;
			buildActionMask = 2147483647;
			files = (
			);
			runOnlyForDeploymentPostprocessing = 0;
		};
/* End PBXResourcesBuildPhase section */

/* Begin PBXSourcesBuildPhase section */
		39F166901D5E504400B0B617 /* Sources */ = {
			isa = PBXSourcesBuildPhase;
			buildActionMask = 2147483647;
			files = (
				39F1669A1D5E504500B0B617 /* RecordSoundsViewController.swift in Sources */,
				39F166CA1D5FA7F400B0B617 /* PlaySoundsViewController+Audio.swift in Sources */,
				39F166C61D5EA7AC00B0B617 /* PlaySoundsViewController.swift in Sources */,
				39F166981D5E504500B0B617 /* AppDelegate.swift in Sources */,
			);
			runOnlyForDeploymentPostprocessing = 0;
		};
		39F166A41D5E504500B0B617 /* Sources */ = {
			isa = PBXSourcesBuildPhase;
			buildActionMask = 2147483647;
			files = (
				39F166AD1D5E504500B0B617 /* PitchPerfectTests.swift in Sources */,
			);
			runOnlyForDeploymentPostprocessing = 0;
		};
		39F166AF1D5E504500B0B617 /* Sources */ = {
			isa = PBXSourcesBuildPhase;
			buildActionMask = 2147483647;
			files = (
				39F166B81D5E504500B0B617 /* PitchPerfectUITests.swift in Sources */,
			);
			runOnlyForDeploymentPostprocessing = 0;
		};
/* End PBXSourcesBuildPhase section */

/* Begin PBXTargetDependency section */
		39F166AA1D5E504500B0B617 /* PBXTargetDependency */ = {
			isa = PBXTargetDependency;
			target = 39F166931D5E504400B0B617 /* PitchPerfect */;
			targetProxy = 39F166A91D5E504500B0B617 /* PBXContainerItemProxy */;
		};
		39F166B51D5E504500B0B617 /* PBXTargetDependency */ = {
			isa = PBXTargetDependency;
			target = 39F166931D5E504400B0B617 /* PitchPerfect */;
			targetProxy = 39F166B41D5E504500B0B617 /* PBXContainerItemProxy */;
		};
/* End PBXTargetDependency section */

/* Begin PBXVariantGroup section */
		39F1669B1D5E504500B0B617 /* Main.storyboard */ = {
			isa = PBXVariantGroup;
			children = (
				39F1669C1D5E504500B0B617 /* Base */,
			);
			name = Main.storyboard;
			sourceTree = "<group>";
		};
		39F166A01D5E504500B0B617 /* LaunchScreen.storyboard */ = {
			isa = PBXVariantGroup;
			children = (
				39F166A11D5E504500B0B617 /* Base */,
			);
			name = LaunchScreen.storyboard;
			sourceTree = "<group>";
		};
/* End PBXVariantGroup section */

/* Begin XCBuildConfiguration section */
		39F166BA1D5E504500B0B617 /* Debug */ = {
			isa = XCBuildConfiguration;
			buildSettings = {
				ALWAYS_SEARCH_USER_PATHS = NO;
				CLANG_ANALYZER_NONNULL = YES;
				CLANG_CXX_LANGUAGE_STANDARD = "gnu++0x";
				CLANG_CXX_LIBRARY = "libc++";
				CLANG_ENABLE_MODULES = YES;
				CLANG_ENABLE_OBJC_ARC = YES;
				CLANG_WARN_BOOL_CONVERSION = YES;
				CLANG_WARN_CONSTANT_CONVERSION = YES;
				CLANG_WARN_DIRECT_OBJC_ISA_USAGE = YES_ERROR;
				CLANG_WARN_EMPTY_BODY = YES;
				CLANG_WARN_ENUM_CONVERSION = YES;
				CLANG_WARN_INT_CONVERSION = YES;
				CLANG_WARN_OBJC_ROOT_CLASS = YES_ERROR;
				CLANG_WARN_UNREACHABLE_CODE = YES;
				CLANG_WARN__DUPLICATE_METHOD_MATCH = YES;
				"CODE_SIGN_IDENTITY[sdk=iphoneos*]" = "iPhone Developer";
				COPY_PHASE_STRIP = NO;
				DEBUG_INFORMATION_FORMAT = dwarf;
				ENABLE_STRICT_OBJC_MSGSEND = YES;
				ENABLE_TESTABILITY = YES;
				GCC_C_LANGUAGE_STANDARD = gnu99;
				GCC_DYNAMIC_NO_PIC = NO;
				GCC_NO_COMMON_BLOCKS = YES;
				GCC_OPTIMIZATION_LEVEL = 0;
				GCC_PREPROCESSOR_DEFINITIONS = (
					"DEBUG=1",
					"$(inherited)",
				);
				GCC_WARN_64_TO_32_BIT_CONVERSION = YES;
				GCC_WARN_ABOUT_RETURN_TYPE = YES_ERROR;
				GCC_WARN_UNDECLARED_SELECTOR = YES;
				GCC_WARN_UNINITIALIZED_AUTOS = YES_AGGRESSIVE;
				GCC_WARN_UNUSED_FUNCTION = YES;
				GCC_WARN_UNUSED_VARIABLE = YES;
				IPHONEOS_DEPLOYMENT_TARGET = 9.3;
				MTL_ENABLE_DEBUG_INFO = YES;
				ONLY_ACTIVE_ARCH = YES;
				SDKROOT = iphoneos;
				SWIFT_OPTIMIZATION_LEVEL = "-Onone";
				TARGETED_DEVICE_FAMILY = "1,2";
			};
			name = Debug;
		};
		39F166BB1D5E504500B0B617 /* Release */ = {
			isa = XCBuildConfiguration;
			buildSettings = {
				ALWAYS_SEARCH_USER_PATHS = NO;
				CLANG_ANALYZER_NONNULL = YES;
				CLANG_CXX_LANGUAGE_STANDARD = "gnu++0x";
				CLANG_CXX_LIBRARY = "libc++";
				CLANG_ENABLE_MODULES = YES;
				CLANG_ENABLE_OBJC_ARC = YES;
				CLANG_WARN_BOOL_CONVERSION = YES;
				CLANG_WARN_CONSTANT_CONVERSION = YES;
				CLANG_WARN_DIRECT_OBJC_ISA_USAGE = YES_ERROR;
				CLANG_WARN_EMPTY_BODY = YES;
				CLANG_WARN_ENUM_CONVERSION = YES;
				CLANG_WARN_INT_CONVERSION = YES;
				CLANG_WARN_OBJC_ROOT_CLASS = YES_ERROR;
				CLANG_WARN_UNREACHABLE_CODE = YES;
				CLANG_WARN__DUPLICATE_METHOD_MATCH = YES;
				"CODE_SIGN_IDENTITY[sdk=iphoneos*]" = "iPhone Developer";
				COPY_PHASE_STRIP = NO;
				DEBUG_INFORMATION_FORMAT = "dwarf-with-dsym";
				ENABLE_NS_ASSERTIONS = NO;
				ENABLE_STRICT_OBJC_MSGSEND = YES;
				GCC_C_LANGUAGE_STANDARD = gnu99;
				GCC_NO_COMMON_BLOCKS = YES;
				GCC_WARN_64_TO_32_BIT_CONVERSION = YES;
				GCC_WARN_ABOUT_RETURN_TYPE = YES_ERROR;
				GCC_WARN_UNDECLARED_SELECTOR = YES;
				GCC_WARN_UNINITIALIZED_AUTOS = YES_AGGRESSIVE;
				GCC_WARN_UNUSED_FUNCTION = YES;
				GCC_WARN_UNUSED_VARIABLE = YES;
				IPHONEOS_DEPLOYMENT_TARGET = 9.3;
				MTL_ENABLE_DEBUG_INFO = NO;
				SDKROOT = iphoneos;
				TARGETED_DEVICE_FAMILY = "1,2";
				VALIDATE_PRODUCT = YES;
			};
			name = Release;
		};
		39F166BD1D5E504500B0B617 /* Debug */ = {
			isa = XCBuildConfiguration;
			buildSettings = {
				ASSETCATALOG_COMPILER_APPICON_NAME = AppIcon;
				INFOPLIST_FILE = PitchPerfect/Info.plist;
				LD_RUNPATH_SEARCH_PATHS = "$(inherited) @executable_path/Frameworks";
				PRODUCT_BUNDLE_IDENTIFIER = TradeStrat.net.PitchPerfect;
				PRODUCT_NAME = "$(TARGET_NAME)";
				TARGETED_DEVICE_FAMILY = "1,2";
			};
			name = Debug;
		};
		39F166BE1D5E504500B0B617 /* Release */ = {
			isa = XCBuildConfiguration;
			buildSettings = {
				ASSETCATALOG_COMPILER_APPICON_NAME = AppIcon;
				INFOPLIST_FILE = PitchPerfect/Info.plist;
				LD_RUNPATH_SEARCH_PATHS = "$(inherited) @executable_path/Frameworks";
				PRODUCT_BUNDLE_IDENTIFIER = TradeStrat.net.PitchPerfect;
				PRODUCT_NAME = "$(TARGET_NAME)";
				TARGETED_DEVICE_FAMILY = "1,2";
			};
			name = Release;
		};
		39F166C01D5E504500B0B617 /* Debug */ = {
			isa = XCBuildConfiguration;
			buildSettings = {
				BUNDLE_LOADER = "$(TEST_HOST)";
				INFOPLIST_FILE = PitchPerfectTests/Info.plist;
				LD_RUNPATH_SEARCH_PATHS = "$(inherited) @executable_path/Frameworks @loader_path/Frameworks";
				PRODUCT_BUNDLE_IDENTIFIER = TradeStrat.net.PitchPerfectTests;
				PRODUCT_NAME = "$(TARGET_NAME)";
				TEST_HOST = "$(BUILT_PRODUCTS_DIR)/PitchPerfect.app/PitchPerfect";
			};
			name = Debug;
		};
		39F166C11D5E504500B0B617 /* Release */ = {
			isa = XCBuildConfiguration;
			buildSettings = {
				BUNDLE_LOADER = "$(TEST_HOST)";
				INFOPLIST_FILE = PitchPerfectTests/Info.plist;
				LD_RUNPATH_SEARCH_PATHS = "$(inherited) @executable_path/Frameworks @loader_path/Frameworks";
				PRODUCT_BUNDLE_IDENTIFIER = TradeStrat.net.PitchPerfectTests;
				PRODUCT_NAME = "$(TARGET_NAME)";
				TEST_HOST = "$(BUILT_PRODUCTS_DIR)/PitchPerfect.app/PitchPerfect";
			};
			name = Release;
		};
		39F166C31D5E504500B0B617 /* Debug */ = {
			isa = XCBuildConfiguration;
			buildSettings = {
				INFOPLIST_FILE = PitchPerfectUITests/Info.plist;
				LD_RUNPATH_SEARCH_PATHS = "$(inherited) @executable_path/Frameworks @loader_path/Frameworks";
				PRODUCT_BUNDLE_IDENTIFIER = TradeStrat.net.PitchPerfectUITests;
				PRODUCT_NAME = "$(TARGET_NAME)";
				TEST_TARGET_NAME = PitchPerfect;
			};
			name = Debug;
		};
		39F166C41D5E504500B0B617 /* Release */ = {
			isa = XCBuildConfiguration;
			buildSettings = {
				INFOPLIST_FILE = PitchPerfectUITests/Info.plist;
				LD_RUNPATH_SEARCH_PATHS = "$(inherited) @executable_path/Frameworks @loader_path/Frameworks";
				PRODUCT_BUNDLE_IDENTIFIER = TradeStrat.net.PitchPerfectUITests;
				PRODUCT_NAME = "$(TARGET_NAME)";
				TEST_TARGET_NAME = PitchPerfect;
			};
			name = Release;
		};
/* End XCBuildConfiguration section */

/* Begin XCConfigurationList section */
		39F1668F1D5E504400B0B617 /* Build configuration list for PBXProject "PitchPerfect" */ = {
			isa = XCConfigurationList;
			buildConfigurations = (
				39F166BA1D5E504500B0B617 /* Debug */,
				39F166BB1D5E504500B0B617 /* Release */,
			);
			defaultConfigurationIsVisible = 0;
			defaultConfigurationName = Release;
		};
		39F166BC1D5E504500B0B617 /* Build configuration list for PBXNativeTarget "PitchPerfect" */ = {
			isa = XCConfigurationList;
			buildConfigurations = (
				39F166BD1D5E504500B0B617 /* Debug */,
				39F166BE1D5E504500B0B617 /* Release */,
			);
			defaultConfigurationIsVisible = 0;
		};
		39F166BF1D5E504500B0B617 /* Build configuration list for PBXNativeTarget "PitchPerfectTests" */ = {
			isa = XCConfigurationList;
			buildConfigurations = (
				39F166C01D5E504500B0B617 /* Debug */,
				39F166C11D5E504500B0B617 /* Release */,
			);
			defaultConfigurationIsVisible = 0;
		};
		39F166C21D5E504500B0B617 /* Build configuration list for PBXNativeTarget "PitchPerfectUITests" */ = {
			isa = XCConfigurationList;
			buildConfigurations = (
				39F166C31D5E504500B0B617 /* Debug */,
				39F166C41D5E504500B0B617 /* Release */,
			);
			defaultConfigurationIsVisible = 0;
		};
/* End XCConfigurationList section */
	};
	rootObject = 39F1668C1D5E504400B0B617 /* Project object */;
}
